dependencies:
- name: cheddar
  repository: https://raw.githubusercontent.com/dniel/Charts/master
  version: 0.2.0
- name: stilton
  repository: https://raw.githubusercontent.com/dniel/Charts/master
  version: 0.2.0
- name: wensleydale
  repository: https://raw.githubusercontent.com/dniel/Charts/master
  version: 0.2.0
digest: sha256:bc449b0f40151a3fad26ca8c6d56cc1afe78a71e9fd7bd19cef83784d0d5257c
generated: 2017-10-30T21:39:13.9959693+01:00
