dependencies:
- name: cheddar
  repository: https://raw.githubusercontent.com/dniel/Charts/master
  version: 0.3.0
- name: stilton
  repository: https://raw.githubusercontent.com/dniel/Charts/master
  version: 0.4.0
- name: wensleydale
  repository: https://raw.githubusercontent.com/dniel/Charts/master
  version: 0.4.0
digest: sha256:f0cfd796c5c58e1c926a0e341ec87d45b5eabd1f955c6aa95e7e166dc6e21e8c
generated: 2017-11-01T21:09:27.3870289+01:00
